{
  "pins" : [
    {
      "identity" : "magnet",
      "kind" : "remoteSourceControl",
      "location" : "https://github.com/Clipy/Magnet",
      "state" : {
        "branch" : "master",
        "revision" : "3a683b657367464f0ab0f7949fcb0cc4173cbfcd"
      }
    },
    {
      "identity" : "sauce",
      "kind" : "remoteSourceControl",
      "location" : "https://github.com/Clipy/Sauce",
      "state" : {
        "revision" : "2fcf7e43a242b183fdea3f2275ebec0d773b65f5",
        "version" : "2.2.0"
      }
    }
  ],
  "version" : 2
}
